Microsoft Visual Studio Solution File, Format Version 12.00
# Visual Studio Version 17
VisualStudioVersion = 17.5.2.0
MinimumVisualStudioVersion = 10.0.40219.1
Project("{FAE04EC0-301F-11D3-BF4B-00C04F79EFBC}") = "ArabicDocumentGenerator", "ArabicDocumentGenerator.csproj", "{87BF52DD-1F03-21FE-9E5F-A00976ED1DD4}"
EndProject
Global
	GlobalSection(SolutionConfigurationPlatforms) = preSolution
		Debug|Any CPU = Debug|Any CPU
		Release|Any CPU = Release|Any CPU
	EndGlobalSection
	GlobalSection(ProjectConfigurationPlatforms) = postSolution
		{87BF52DD-1F03-21FE-9E5F-A00976ED1DD4}.Debug|Any CPU.ActiveCfg = Debug|Any CPU
		{87BF52DD-1F03-21FE-9E5F-A00976ED1DD4}.Debug|Any CPU.Build.0 = Debug|Any CPU
		{87BF52DD-1F03-21FE-9E5F-A00976ED1DD4}.Release|Any CPU.ActiveCfg = Release|Any CPU
		{87BF52DD-1F03-21FE-9E5F-A00976ED1DD4}.Release|Any CPU.Build.0 = Release|Any CPU
	EndGlobalSection
	GlobalSection(SolutionProperties) = preSolution
		HideSolutionNode = FALSE
	EndGlobalSection
	GlobalSection(ExtensibilityGlobals) = postSolution
		SolutionGuid = {41081C08-CDDE-48F3-9CB1-31EF2D42935D}
	EndGlobalSection
EndGlobal
